{
  "_meta": {
    "hash": {
      "sha256": "aaaaaaaaaaaaaaaaaaaaaaaaaaaaaaaaaaaaaaaaaaaaaaaaaaaaaaaaaaaaaaaa"
    },
    "pipfile-spec": 6,
    "requires": {
      "python_version": "3.10"
    },
    "sources": [
      {
        "name": "pypi",
        "url": "https://pypi.org/simple",
        "verify_ssl": true
      }
    ]
  },
  "default": {
    "flask": {
      "version": "==1.1.2",
      "index": "pypi",
      "markers": ""
    },
    "django": {
      "version": "==2.2.9",
      "index": "pypi",
      "markers": ""
    },
    "requests": {
      "version": "==2.19.1",
      "index": "pypi",
      "markers": ""
    },
    "pyyaml": {
      "version": "==5.3",
      "index": "pypi",
      "markers": ""
    }
  },
  "develop": {
    "pytest": {
      "version": "==5.4.3",
      "index": "pypi",
      "markers": ""
    },
    "black": {
      "version": "==19.10b0",
      "index": "pypi",
      "markers": ""
    }
  }
}
