{
  "_meta": {
    "hash": {
      "sha256": "aaaaaaaaaaaaaaaaaaaaaaaaaaaaaaaaaaaaaaaaaaaaaaaaaaaaaaaaaaaaaaaa"
    },
    "pipfile-spec": 6,
    "requires": {
      "python_version": "3.10"
    },
    "sources": [
      {
        "name": "pypi",
        "url": "https://pypi.org/simple",
        "verify_ssl": true
      }
    ]
  },
  "default": {
    "flask": {
      "hashes": [
        "sha256:dummy1"
      ],
      "index": "pypi",
      "version": "==1.1.2"
    },
    "django": {
      "hashes": [
        "sha256:dummy2"
      ],
      "index": "pypi",
      "version": "==2.2.9"
    },
    "requests": {
      "h
